
Microsoft Visual Studio Solution File, Format Version 12.00
# Visual Studio 15
Project("{FAE04EC0-301F-11D3-BF4B-00C04F79EFBC}") = "Assembly-CSharp", "Assembly-CSharp.csproj", "{4F93F83A-A16D-87FD-8B76-6E1F3A03176F}"
EndProject
Project("{FAE04EC0-301F-11D3-BF4B-00C04F79EFBC}") = "Assembly-CSharp-Editor", "Assembly-CSharp-Editor.csproj", "{89EC5B86-3214-9433-3F73-342892FAB693}"
EndProject
Global
	GlobalSection(SolutionConfigurationPlatforms) = preSolution
		Debug|Any CPU = Debug|Any CPU
		Release|Any CPU = Release|Any CPU
	EndGlobalSection
	GlobalSection(ProjectConfigurationPlatforms) = postSolution
		{4F93F83A-A16D-87FD-8B76-6E1F3A03176F}.Debug|Any CPU.ActiveCfg = Debug|Any CPU
		{4F93F83A-A16D-87FD-8B76-6E1F3A03176F}.Debug|Any CPU.Build.0 = Debug|Any CPU
		{4F93F83A-A16D-87FD-8B76-6E1F3A03176F}.Release|Any CPU.ActiveCfg = Release|Any CPU
		{4F93F83A-A16D-87FD-8B76-6E1F3A03176F}.Release|Any CPU.Build.0 = Release|Any CPU
		{89EC5B86-3214-9433-3F73-342892FAB693}.Debug|Any CPU.ActiveCfg = Debug|Any CPU
		{89EC5B86-3214-9433-3F73-342892FAB693}.Debug|Any CPU.Build.0 = Debug|Any CPU
		{89EC5B86-3214-9433-3F73-342892FAB693}.Release|Any CPU.ActiveCfg = Release|Any CPU
		{89EC5B86-3214-9433-3F73-342892FAB693}.Release|Any CPU.Build.0 = Release|Any CPU
	EndGlobalSection
	GlobalSection(SolutionProperties) = preSolution
		HideSolutionNode = FALSE
	EndGlobalSection
EndGlobal
